
Microsoft Visual Studio Solution File, Format Version 12.00
# Visual Studio Version 17
VisualStudioVersion = 17.0.31903.59
MinimumVisualStudioVersion = 10.0.40219.1
Project("{2150E333-8FDC-42A3-9474-1A3956D46DE8}") = "src", "src", "{1A647B41-53D0-4638-AE5A-6630BAAE45FC}"
EndProject
Project("{9A19103F-16F7-4668-BE54-9A1E7A4F7556}") = "TemporalioSamples.ActivitySimple", "src\ActivitySimple\TemporalioSamples.ActivitySimple.csproj", "{7608AFB5-CFD1-427F-81FE-81C7EFE8AFBE}"
EndProject
Project("{FAE04EC0-301F-11D3-BF4B-00C04F79EFBC}") = "TemporalioSamples.OpenTelemetry.DotNetMetrics", "src\OpenTelemetry\DotNetMetrics\TemporalioSamples.OpenTelemetry.DotNetMetrics.csproj", "{6E32CC8F-7008-42A5-96A7-F182B9A6DC03}"
EndProject
Project("{FAE04EC0-301F-11D3-BF4B-00C04F79EFBC}") = "TemporalioSamples.OpenTelemetry.CoreSdkForwarding", "src\OpenTelemetry\CoreSdkForwarding\TemporalioSamples.OpenTelemetry.CoreSdkForwarding.csproj", "{785AA9A8-C440-4A62-B778-FD52423A6EDF}"
EndProject
Global
	GlobalSection(SolutionConfigurationPlatforms) = preSolution
		Debug|Any CPU = Debug|Any CPU
		Release|Any CPU = Release|Any CPU
	EndGlobalSection
	GlobalSection(ProjectConfigurationPlatforms) = postSolution
		{7608AFB5-CFD1-427F-81FE-81C7EFE8AFBE}.Debug|Any CPU.ActiveCfg = Debug|Any CPU
		{7608AFB5-CFD1-427F-81FE-81C7EFE8AFBE}.Debug|Any CPU.Build.0 = Debug|Any CPU
		{7608AFB5-CFD1-427F-81FE-81C7EFE8AFBE}.Release|Any CPU.ActiveCfg = Release|Any CPU
		{7608AFB5-CFD1-427F-81FE-81C7EFE8AFBE}.Release|Any CPU.Build.0 = Release|Any CPU
		{CDFAD7B0-FC43-4ECD-9E36-1023322294C9}.Debug|Any CPU.ActiveCfg = Debug|Any CPU
		{CDFAD7B0-FC43-4ECD-9E36-1023322294C9}.Debug|Any CPU.Build.0 = Debug|Any CPU
		{CDFAD7B0-FC43-4ECD-9E36-1023322294C9}.Release|Any CPU.ActiveCfg = Release|Any CPU
		{CDFAD7B0-FC43-4ECD-9E36-1023322294C9}.Release|Any CPU.Build.0 = Release|Any CPU
		{6E32CC8F-7008-42A5-96A7-F182B9A6DC03}.Debug|Any CPU.ActiveCfg = Debug|Any CPU
		{6E32CC8F-7008-42A5-96A7-F182B9A6DC03}.Debug|Any CPU.Build.0 = Debug|Any CPU
		{6E32CC8F-7008-42A5-96A7-F182B9A6DC03}.Release|Any CPU.ActiveCfg = Release|Any CPU
		{6E32CC8F-7008-42A5-96A7-F182B9A6DC03}.Release|Any CPU.Build.0 = Release|Any CPU
		{785AA9A8-C440-4A62-B778-FD52423A6EDF}.Debug|Any CPU.ActiveCfg = Debug|Any CPU
		{785AA9A8-C440-4A62-B778-FD52423A6EDF}.Debug|Any CPU.Build.0 = Debug|Any CPU
		{785AA9A8-C440-4A62-B778-FD52423A6EDF}.Release|Any CPU.ActiveCfg = Release|Any CPU
		{785AA9A8-C440-4A62-B778-FD52423A6EDF}.Release|Any CPU.Build.0 = Release|Any CPU
	EndGlobalSection
	GlobalSection(SolutionProperties) = preSolution
		HideSolutionNode = FALSE
	EndGlobalSection
	GlobalSection(NestedProjects) = preSolution
		{7608AFB5-CFD1-427F-81FE-81C7EFE8AFBE} = {1A647B41-53D0-4638-AE5A-6630BAAE45FC}
	EndGlobalSection
EndGlobal
