version = 1
revision = 2
requires-python = ">=3.10"
resolution-markers = [
    "python_full_version >= '3.13'",
    "python_full_version < '3.13'",
]

[[package]]
name = "googleapis-common-protos"
version = "1.70.0"
source = { registry = "https://pypi.org/simple" }
dependencies = [
    { name = "protobuf" },
]
sdist = { url = "https://files.pythonhosted.org/packages/39/24/33db22342cf4a2ea27c9955e6713140fedd51e8b141b5ce5260897020f1a/googleapis_common_protos-1.70.0.tar.gz", hash = "sha256:0e1b44e0ea153e6594f9f394fef15193a68aaaea2d843f83e2742717ca753257", size = 145903, upload_time = "2025-04-14T10:17:02.924Z" }
wheels = [
    { url = "https://files.pythonhosted.org/packages/86/f1/62a193f0227cf15a920390abe675f386dec35f7ae3ffe6da582d3ade42c7/googleapis_common_protos-1.70.0-py3-none-any.whl", hash = "sha256:b8bfcca8c25a2bb253e0e0b0adaf8c00773e5e6af6fd92397576680b807e0fd8", size = 294530, upload_time = "2025-04-14T10:17:01.271Z" },
]

[[package]]
name = "grpcio"
version = "1.75.1"
source = { registry = "https://pypi.org/simple" }
dependencies = [
    { name = "typing-extensions" },
]
sdist = { url = "https://files.pythonhosted.org/packages/9d/f7/8963848164c7604efb3a3e6ee457fdb3a469653e19002bd24742473254f8/grpcio-1.75.1.tar.gz", hash = "sha256:3e81d89ece99b9ace23a6916880baca613c03a799925afb2857887efa8b1b3d2", size = 12731327, upload_time = "2025-09-26T09:03:36.887Z" }
wheels = [
    { url = "https://files.pythonhosted.org/packages/51/57/89fd829fb00a6d0bee3fbcb2c8a7aa0252d908949b6ab58bfae99d39d77e/grpcio-1.75.1-cp310-cp310-linux_armv7l.whl", hash = "sha256:1712b5890b22547dd29f3215c5788d8fc759ce6dd0b85a6ba6e2731f2d04c088", size = 5705534, upload_time = "2025-09-26T09:00:52.225Z" },
    { url = "https://files.pythonhosted.org/packages/76/dd/2f8536e092551cf804e96bcda79ecfbc51560b214a0f5b7ebc253f0d4664/grpcio-1.75.1-cp310-cp310-macosx_11_0_universal2.whl", hash = "sha256:8d04e101bba4b55cea9954e4aa71c24153ba6182481b487ff376da28d4ba46cf", size = 11484103, upload_time = "2025-09-26T09:00:59.457Z" },
    { url = "https://files.pythonhosted.org/packages/9a/3d/affe2fb897804c98d56361138e73786af8f4dd876b9d9851cfe6342b53c8/grpcio-1.75.1-cp310-cp310-manylinux2014_aarch64.manylinux_2_17_aarch64.whl", hash = "sha256:683cfc70be0c1383449097cba637317e4737a357cfc185d887fd984206380403", size = 6289953, upload_time = "2025-09-26T09:01:03.699Z" },
    { url = "https://files.pythonhosted.org/packages/87/aa/0f40b7f47a0ff10d7e482bc3af22dac767c7ff27205915f08962d5ca87a2/grpcio-1.75.1-cp310-cp310-manylinux2014_i686.manylinux_2_17_i686.whl", hash = "sha256:491444c081a54dcd5e6ada57314321ae526377f498d4aa09d975c3241c5b9e1c", size = 6949785, upload_time = "2025-09-26T09:01:07.504Z" },
    { url = "https://files.pythonhosted.org/packages/a5/45/b04407e44050781821c84f26df71b3f7bc469923f92f9f8bc27f1406dbcc/grpcio-1.75.1-cp310-cp310-manylinux2014_x86_64.manylinux_2_17_x86_64.whl", hash = "sha256:ce08d4e112d0d38487c2b631ec8723deac9bc404e9c7b1011426af50a79999e4", size = 6465708, upload_time = "2025-09-26T09:01:11.028Z" },
    { url = "https://files.pythonhosted.org/packages/09/3e/4ae3ec0a4d20dcaafbb6e597defcde06399ccdc5b342f607323f3b47f0a3/grpcio-1.75.1-cp310-cp310-musllinux_1_2_aarch64.whl", hash = "sha256:5a2acda37fc926ccc4547977ac3e56b1df48fe200de968e8c8421f6e3093df6c", size = 7100912, upload_time = "2025-09-26T09:01:14.393Z" },
    { url = "https://files.pythonhosted.org/packages/34/3f/a9085dab5c313bb0cb853f222d095e2477b9b8490a03634cdd8d19daa5c3/grpcio-1.75.1-cp310-cp310-musllinux_1_2_i686.whl", hash = "sha256:745c5fe6bf05df6a04bf2d11552c7d867a2690759e7ab6b05c318a772739bd75", size = 8042497, upload_time = "2025-09-26T09:01:17.759Z" },
    { url = "https://files.pythonhosted.org/packages/c3/87/ea54eba931ab9ed3f999ba95f5d8d01a20221b664725bab2fe93e3dee848/grpcio-1.75.1-cp310-cp310-musllinux_1_2_x86_64.whl", hash = "sha256:259526a7159d39e2db40d566fe3e8f8e034d0fb2db5bf9c00e09aace655a4c2b", size = 7493284, upload_time = "2025-09-26T09:01:20.896Z" },
    { url = "https://files.pythonhosted.org/packages/b7/5e/287f1bf1a998f4ac46ef45d518de3b5da08b4e86c7cb5e1108cee30b0282/grpcio-1.75.1-cp310-cp310-win32.whl", hash = "sha256:f4b29b9aabe33fed5df0a85e5f13b09ff25e2c05bd5946d25270a8bd5682dac9", size = 3950809, upload_time = "2025-09-26T09:01:23.695Z" },
    { url = "https://files.pythonhosted.org/packages/a4/a2/3cbfc06a4ec160dc77403b29ecb5cf76ae329eb63204fea6a7c715f1dfdb/grpcio-1.75.1-cp310-cp310-win_amd64.whl", hash = "sha256:cf2e760978dcce7ff7d465cbc7e276c3157eedc4c27aa6de7b594c7a295d3d61", size = 4644704, upload_time = "2025-09-26T09:01:25.763Z" },
    { url = "https://files.pythonhosted.org/packages/0c/3c/35ca9747473a306bfad0cee04504953f7098527cd112a4ab55c55af9e7bd/grpcio-1.75.1-cp311-cp311-linux_armv7l.whl", hash = "sha256:573855ca2e58e35032aff30bfbd1ee103fbcf4472e4b28d4010757700918e326", size = 5709761, upload_time = "2025-09-26T09:01:28.528Z" },
    { url = "https://files.pythonhosted.org/packages/c9/2c/ecbcb4241e4edbe85ac2663f885726fea0e947767401288b50d8fdcb9200/grpcio-1.75.1-cp311-cp311-macosx_11_0_universal2.whl", hash = "sha256:6a4996a2c8accc37976dc142d5991adf60733e223e5c9a2219e157dc6a8fd3a2", size = 11496691, upload_time = "2025-09-26T09:01:31.214Z" },
    { url = "https://files.pythonhosted.org/packages/81/40/bc07aee2911f0d426fa53fe636216100c31a8ea65a400894f280274cb023/grpcio-1.75.1-cp311-cp311-manylinux2014_aarch64.manylinux_2_17_aarch64.whl", hash = "sha256:b1ea1bbe77ecbc1be00af2769f4ae4a88ce93be57a4f3eebd91087898ed749f9", size = 6296084, upload_time = "2025-09-26T09:01:34.596Z" },
    { url = "https://files.pythonhosted.org/packages/b8/d1/10c067f6c67396cbf46448b80f27583b5e8c4b46cdfbe18a2a02c2c2f290/grpcio-1.75.1-cp311-cp311-manylinux2014_i686.manylinux_2_17_i686.whl", hash = "sha256:e5b425aee54cc5e3e3c58f00731e8a33f5567965d478d516d35ef99fd648ab68", size = 6950403, upload_time = "2025-09-26T09:01:36.736Z" },
    { url = "https://files.pythonhosted.org/packages/3f/42/5f628abe360b84dfe8dd8f32be6b0606dc31dc04d3358eef27db791ea4d5/grpcio-1.75.1-cp311-cp311-manylinux2014_x86_64.manylinux_2_17_x86_64.whl", hash = "sha256:0049a7bf547dafaeeb1db17079ce79596c298bfe308fc084d023c8907a845b9a", size = 6470166, upload_time = "2025-09-26T09:01:39.474Z" },
    { url = "https://files.pythonhosted.org/packages/c3/93/a24035080251324019882ee2265cfde642d6476c0cf8eb207fc693fcebdc/grpcio-1.75.1-cp311-cp311-musllinux_1_2_aarch64.whl", hash = "sha256:5b8ea230c7f77c0a1a3208a04a1eda164633fb0767b4cefd65a01079b65e5b1f", size = 7107828, upload_time = "2025-09-26T09:01:41.782Z" },
    { url = "https://files.pythonhosted.org/packages/e4/f8/d18b984c1c9ba0318e3628dbbeb6af77a5007f02abc378c845070f2d3edd/grpcio-1.75.1-cp311-cp311-musllinux_1_2_i686.whl", hash = "sha256:36990d629c3c9fb41e546414e5af52d0a7af37ce7113d9682c46d7e2919e4cca", size = 8045421, upload_time = "2025-09-26T09:01:45.835Z" },
    { url = "https://files.pythonhosted.org/packages/7e/b6/4bf9aacff45deca5eac5562547ed212556b831064da77971a4e632917da3/grpcio-1.75.1-cp311-cp311-musllinux_1_2_x86_64.whl", hash = "sha256:b10ad908118d38c2453ade7ff790e5bce36580c3742919007a2a78e3a1e521ca", size = 7503290, upload_time = "2025-09-26T09:01:49.28Z" },
    { url = "https://files.pythonhosted.org/packages/3b/15/d8d69d10223cb54c887a2180bd29fe5fa2aec1d4995c8821f7aa6eaf72e4/grpcio-1.75.1-cp311-cp311-win32.whl", hash = "sha256:d6be2b5ee7bea656c954dcf6aa8093c6f0e6a3ef9945c99d99fcbfc88c5c0bfe", size = 3950631, upload_time = "2025-09-26T09:01:51.23Z" },
    { url = "https://files.pythonhosted.org/packages/8a/40/7b8642d45fff6f83300c24eaac0380a840e5e7fe0e8d80afd31b99d7134e/grpcio-1.75.1-cp311-cp311-win_amd64.whl", hash = "sha256:61c692fb05956b17dd6d1ab480f7f10ad0536dba3bc8fd4e3c7263dc244ed772", size = 4646131, upload_time = "2025-09-26T09:01:53.266Z" },
    { url = "https://files.pythonhosted.org/packages/3a/81/42be79e73a50aaa20af66731c2defeb0e8c9008d9935a64dd8ea8e8c44eb/grpcio-1.75.1-cp312-cp312-linux_armv7l.whl", hash = "sha256:7b888b33cd14085d86176b1628ad2fcbff94cfbbe7809465097aa0132e58b018", size = 5668314, upload_time = "2025-09-26T09:01:55.424Z" },
    { url = "https://files.pythonhosted.org/packages/c5/a7/3686ed15822fedc58c22f82b3a7403d9faf38d7c33de46d4de6f06e49426/grpcio-1.75.1-cp312-cp312-macosx_11_0_universal2.whl", hash = "sha256:8775036efe4ad2085975531d221535329f5dac99b6c2a854a995456098f99546", size = 11476125, upload_time = "2025-09-26T09:01:57.927Z" },
    { url = "https://files.pythonhosted.org/packages/14/85/21c71d674f03345ab183c634ecd889d3330177e27baea8d5d247a89b6442/grpcio-1.75.1-cp312-cp312-manylinux2014_aarch64.manylinux_2_17_aarch64.whl", hash = "sha256:bb658f703468d7fbb5dcc4037c65391b7dc34f808ac46ed9136c24fc5eeb041d", size = 6246335, upload_time = "2025-09-26T09:02:00.76Z" },
    { url = "https://files.pythonhosted.org/packages/fd/db/3beb661bc56a385ae4fa6b0e70f6b91ac99d47afb726fe76aaff87ebb116/grpcio-1.75.1-cp312-cp312-manylinux2014_i686.manylinux_2_17_i686.whl", hash = "sha256:4b7177a1cdb3c51b02b0c0a256b0a72fdab719600a693e0e9037949efffb200b", size = 6916309, upload_time = "2025-09-26T09:02:02.894Z" },
    { url = "https://files.pythonhosted.org/packages/1e/9c/eda9fe57f2b84343d44c1b66cf3831c973ba29b078b16a27d4587a1fdd47/grpcio-1.75.1-cp312-cp312-manylinux2014_x86_64.manylinux_2_17_x86_64.whl", hash = "sha256:7d4fa6ccc3ec2e68a04f7b883d354d7fea22a34c44ce535a2f0c0049cf626ddf", size = 6435419, upload_time = "2025-09-26T09:02:05.055Z" },
    { url = "https://files.pythonhosted.org/packages/c3/b8/090c98983e0a9d602e3f919a6e2d4e470a8b489452905f9a0fa472cac059/grpcio-1.75.1-cp312-cp312-musllinux_1_2_aarch64.whl", hash = "sha256:3d86880ecaeb5b2f0a8afa63824de93adb8ebe4e49d0e51442532f4e08add7d6", size = 7064893, upload_time = "2025-09-26T09:02:07.275Z" },
    { url = "https://files.pythonhosted.org/packages/ec/c0/6d53d4dbbd00f8bd81571f5478d8a95528b716e0eddb4217cc7cb45aae5f/grpcio-1.75.1-cp312-cp312-musllinux_1_2_i686.whl", hash = "sha256:a8041d2f9e8a742aeae96f4b047ee44e73619f4f9d24565e84d5446c623673b6", size = 8011922, upload_time = "2025-09-26T09:02:09.527Z" },
    { url = "https://files.pythonhosted.org/packages/f2/7c/48455b2d0c5949678d6982c3e31ea4d89df4e16131b03f7d5c590811cbe9/grpcio-1.75.1-cp312-cp312-musllinux_1_2_x86_64.whl", hash = "sha256:3652516048bf4c314ce12be37423c79829f46efffb390ad64149a10c6071e8de", size = 7466181, upload_time = "2025-09-26T09:02:12.279Z" },
    { url = "https://files.pythonhosted.org/packages/fd/12/04a0e79081e3170b6124f8cba9b6275871276be06c156ef981033f691880/grpcio-1.75.1-cp312-cp312-win32.whl", hash = "sha256:44b62345d8403975513af88da2f3d5cc76f73ca538ba46596f92a127c2aea945", size = 3938543, upload_time = "2025-09-26T09:02:14.77Z" },
    { url = "https://files.pythonhosted.org/packages/5f/d7/11350d9d7fb5adc73d2b0ebf6ac1cc70135577701e607407fe6739a90021/grpcio-1.75.1-cp312-cp312-win_amd64.whl", hash = "sha256:b1e191c5c465fa777d4cafbaacf0c01e0d5278022082c0abbd2ee1d6454ed94d", size = 4641938, upload_time = "2025-09-26T09:02:16.927Z" },
    { url = "https://files.pythonhosted.org/packages/46/74/bac4ab9f7722164afdf263ae31ba97b8174c667153510322a5eba4194c32/grpcio-1.75.1-cp313-cp313-linux_armv7l.whl", hash = "sha256:3bed22e750d91d53d9e31e0af35a7b0b51367e974e14a4ff229db5b207647884", size = 5672779, upload_time = "2025-09-26T09:02:19.11Z" },
    { url = "https://files.pythonhosted.org/packages/a6/52/d0483cfa667cddaa294e3ab88fd2c2a6e9dc1a1928c0e5911e2e54bd5b50/grpcio-1.75.1-cp313-cp313-macosx_11_0_universal2.whl", hash = "sha256:5b8f381eadcd6ecaa143a21e9e80a26424c76a0a9b3d546febe6648f3a36a5ac", size = 11470623, upload_time = "2025-09-26T09:02:22.117Z" },
    { url = "https://files.pythonhosted.org/packages/cf/e4/d1954dce2972e32384db6a30273275e8c8ea5a44b80347f9055589333b3f/grpcio-1.75.1-cp313-cp313-manylinux2014_aarch64.manylinux_2_17_aarch64.whl", hash = "sha256:5bf4001d3293e3414d0cf99ff9b1139106e57c3a66dfff0c5f60b2a6286ec133", size = 6248838, upload_time = "2025-09-26T09:02:26.426Z" },
    { url = "https://files.pythonhosted.org/packages/06/43/073363bf63826ba8077c335d797a8d026f129dc0912b69c42feaf8f0cd26/grpcio-1.75.1-cp313-cp313-manylinux2014_i686.manylinux_2_17_i686.whl", hash = "sha256:9f82ff474103e26351dacfe8d50214e7c9322960d8d07ba7fa1d05ff981c8b2d", size = 6922663, upload_time = "2025-09-26T09:02:28.724Z" },
    { url = "https://files.pythonhosted.org/packages/c2/6f/076ac0df6c359117676cacfa8a377e2abcecec6a6599a15a672d331f6680/grpcio-1.75.1-cp313-cp313-manylinux2014_x86_64.manylinux_2_17_x86_64.whl", hash = "sha256:0ee119f4f88d9f75414217823d21d75bfe0e6ed40135b0cbbfc6376bc9f7757d", size = 6436149, upload_time = "2025-09-26T09:02:30.971Z" },
    { url = "https://files.pythonhosted.org/packages/6b/27/1d08824f1d573fcb1fa35ede40d6020e68a04391709939e1c6f4193b445f/grpcio-1.75.1-cp313-cp313-musllinux_1_2_aarch64.whl", hash = "sha256:664eecc3abe6d916fa6cf8dd6b778e62fb264a70f3430a3180995bf2da935446", size = 7067989, upload_time = "2025-09-26T09:02:33.233Z" },
    { url = "https://files.pythonhosted.org/packages/c6/98/98594cf97b8713feb06a8cb04eeef60b4757e3e2fb91aa0d9161da769843/grpcio-1.75.1-cp313-cp313-musllinux_1_2_i686.whl", hash = "sha256:c32193fa08b2fbebf08fe08e84f8a0aad32d87c3ad42999c65e9449871b1c66e", size = 8010717, upload_time = "2025-09-26T09:02:36.011Z" },
    { url = "https://files.pythonhosted.org/packages/8c/7e/bb80b1bba03c12158f9254762cdf5cced4a9bc2e8ed51ed335915a5a06ef/grpcio-1.75.1-cp313-cp313-musllinux_1_2_x86_64.whl", hash = "sha256:5cebe13088b9254f6e615bcf1da9131d46cfa4e88039454aca9cb65f639bd3bc", size = 7463822, upload_time = "2025-09-26T09:02:38.26Z" },
    { url = "https://files.pythonhosted.org/packages/23/1c/1ea57fdc06927eb5640f6750c697f596f26183573069189eeaf6ef86ba2d/grpcio-1.75.1-cp313-cp313-win32.whl", hash = "sha256:4b4c678e7ed50f8ae8b8dbad15a865ee73ce12668b6aaf411bf3258b5bc3f970", size = 3938490, upload_time = "2025-09-26T09:02:40.268Z" },
    { url = "https://files.pythonhosted.org/packages/4b/24/fbb8ff1ccadfbf78ad2401c41aceaf02b0d782c084530d8871ddd69a2d49/grpcio-1.75.1-cp313-cp313-win_amd64.whl", hash = "sha256:5573f51e3f296a1bcf71e7a690c092845fb223072120f4bdb7a5b48e111def66", size = 4642538, upload_time = "2025-09-26T09:02:42.519Z" },
    { url = "https://files.pythonhosted.org/packages/f2/1b/9a0a5cecd24302b9fdbcd55d15ed6267e5f3d5b898ff9ac8cbe17ee76129/grpcio-1.75.1-cp314-cp314-linux_armv7l.whl", hash = "sha256:c05da79068dd96723793bffc8d0e64c45f316248417515f28d22204d9dae51c7", size = 5673319, upload_time = "2025-09-26T09:02:44.742Z" },
    { url = "https://files.pythonhosted.org/packages/c6/ec/9d6959429a83fbf5df8549c591a8a52bb313976f6646b79852c4884e3225/grpcio-1.75.1-cp314-cp314-macosx_11_0_universal2.whl", hash = "sha256:06373a94fd16ec287116a825161dca179a0402d0c60674ceeec8c9fba344fe66", size = 11480347, upload_time = "2025-09-26T09:02:47.539Z" },
    { url = "https://files.pythonhosted.org/packages/09/7a/26da709e42c4565c3d7bf999a9569da96243ce34a8271a968dee810a7cf1/grpcio-1.75.1-cp314-cp314-manylinux2014_aarch64.manylinux_2_17_aarch64.whl", hash = "sha256:4484f4b7287bdaa7a5b3980f3c7224c3c622669405d20f69549f5fb956ad0421", size = 6254706, upload_time = "2025-09-26T09:02:50.4Z" },
    { url = "https://files.pythonhosted.org/packages/f1/08/dcb26a319d3725f199c97e671d904d84ee5680de57d74c566a991cfab632/grpcio-1.75.1-cp314-cp314-manylinux2014_i686.manylinux_2_17_i686.whl", hash = "sha256:2720c239c1180eee69f7883c1d4c83fc1a495a2535b5fa322887c70bf02b16e8", size = 6922501, upload_time = "2025-09-26T09:02:52.711Z" },
    { url = "https://files.pythonhosted.org/packages/78/66/044d412c98408a5e23cb348845979a2d17a2e2b6c3c34c1ec91b920f49d0/grpcio-1.75.1-cp314-cp314-manylinux2014_x86_64.manylinux_2_17_x86_64.whl", hash = "sha256:07a554fa31c668cf0e7a188678ceeca3cb8fead29bbe455352e712ec33ca701c", size = 6437492, upload_time = "2025-09-26T09:02:55.542Z" },
    { url = "https://files.pythonhosted.org/packages/4e/9d/5e3e362815152aa1afd8b26ea613effa005962f9da0eec6e0e4527e7a7d1/grpcio-1.75.1-cp314-cp314-musllinux_1_2_aarch64.whl", hash = "sha256:3e71a2105210366bfc398eef7f57a664df99194f3520edb88b9c3a7e46ee0d64", size = 7081061, upload_time = "2025-09-26T09:02:58.261Z" },
    { url = "https://files.pythonhosted.org/packages/1e/1a/46615682a19e100f46e31ddba9ebc297c5a5ab9ddb47b35443ffadb8776c/grpcio-1.75.1-cp314-cp314-musllinux_1_2_i686.whl", hash = "sha256:8679aa8a5b67976776d3c6b0521e99d1c34db8a312a12bcfd78a7085cb9b604e", size = 8010849, upload_time = "2025-09-26T09:03:00.548Z" },
    { url = "https://files.pythonhosted.org/packages/67/8e/3204b94ac30b0f675ab1c06540ab5578660dc8b690db71854d3116f20d00/grpcio-1.75.1-cp314-cp314-musllinux_1_2_x86_64.whl", hash = "sha256:aad1c774f4ebf0696a7f148a56d39a3432550612597331792528895258966dc0", size = 7464478, upload_time = "2025-09-26T09:03:03.096Z" },
    { url = "https://files.pythonhosted.org/packages/b7/97/2d90652b213863b2cf466d9c1260ca7e7b67a16780431b3eb1d0420e3d5b/grpcio-1.75.1-cp314-cp314-win32.whl", hash = "sha256:62ce42d9994446b307649cb2a23335fa8e927f7ab2cbf5fcb844d6acb4d85f9c", size = 4012672, upload_time = "2025-09-26T09:03:05.477Z" },
    { url = "https://files.pythonhosted.org/packages/f9/df/e2e6e9fc1c985cd1a59e6996a05647c720fe8a03b92f5ec2d60d366c531e/grpcio-1.75.1-cp314-cp314-win_amd64.whl", hash = "sha256:f86e92275710bea3000cb79feca1762dc0ad3b27830dd1a74e82ab321d4ee464", size = 4772475, upload_time = "2025-09-26T09:03:07.661Z" },
]

[[package]]
name = "importlib-metadata"
version = "8.7.0"
source = { registry = "https://pypi.org/simple" }
dependencies = [
    { name = "zipp" },
]
sdist = { url = "https://files.pythonhosted.org/packages/76/66/650a33bd90f786193e4de4b3ad86ea60b53c89b669a5c7be931fac31cdb0/importlib_metadata-8.7.0.tar.gz", hash = "sha256:d13b81ad223b890aa16c5471f2ac3056cf76c5f10f82d6f9292f0b415f389000", size = 56641, upload_time = "2025-04-27T15:29:01.736Z" }
wheels = [
    { url = "https://files.pythonhosted.org/packages/20/b0/36bd937216ec521246249be3bf9855081de4c5e06a0c9b4219dbeda50373/importlib_metadata-8.7.0-py3-none-any.whl", hash = "sha256:e5dd1551894c77868a30651cef00984d50e1002d06942a7101d34870c5f02afd", size = 27656, upload_time = "2025-04-27T15:29:00.214Z" },
]

[[package]]
name = "nexus-rpc"
version = "1.1.0"
source = { registry = "https://pypi.org/simple" }
dependencies = [
    { name = "typing-extensions" },
]
sdist = { url = "https://files.pythonhosted.org/packages/ef/66/540687556bd28cf1ec370cc6881456203dfddb9dab047b8979c6865b5984/nexus_rpc-1.1.0.tar.gz", hash = "sha256:d65ad6a2f54f14e53ebe39ee30555eaeb894102437125733fb13034a04a44553", size = 77383, upload_time = "2025-07-07T19:03:58.368Z" }
wheels = [
    { url = "https://files.pythonhosted.org/packages/bf/2f/9e9d0dcaa4c6ffa22b7aa31069a8a264c753ff8027b36af602cce038c92f/nexus_rpc-1.1.0-py3-none-any.whl", hash = "sha256:d1b007af2aba186a27e736f8eaae39c03aed05b488084ff6c3d1785c9ba2ad38", size = 27743, upload_time = "2025-07-07T19:03:57.556Z" },
]

[[package]]
name = "opentelemetry-api"
version = "1.37.0"
source = { registry = "https://pypi.org/simple" }
dependencies = [
    { name = "importlib-metadata" },
    { name = "typing-extensions" },
]
sdist = { url = "https://files.pythonhosted.org/packages/63/04/05040d7ce33a907a2a02257e601992f0cdf11c73b33f13c4492bf6c3d6d5/opentelemetry_api-1.37.0.tar.gz", hash = "sha256:540735b120355bd5112738ea53621f8d5edb35ebcd6fe21ada3ab1c61d1cd9a7", size = 64923, upload_time = "2025-09-11T10:29:01.662Z" }
wheels = [
    { url = "https://files.pythonhosted.org/packages/91/48/28ed9e55dcf2f453128df738210a980e09f4e468a456fa3c763dbc8be70a/opentelemetry_api-1.37.0-py3-none-any.whl", hash = "sha256:accf2024d3e89faec14302213bc39550ec0f4095d1cf5ca688e1bfb1c8612f47", size = 65732, upload_time = "2025-09-11T10:28:41.826Z" },
]

[[package]]
name = "opentelemetry-exporter-otlp-proto-common"
version = "1.37.0"
source = { registry = "https://pypi.org/simple" }
dependencies = [
    { name = "opentelemetry-proto" },
]
sdist = { url = "https://files.pythonhosted.org/packages/dc/6c/10018cbcc1e6fff23aac67d7fd977c3d692dbe5f9ef9bb4db5c1268726cc/opentelemetry_exporter_otlp_proto_common-1.37.0.tar.gz", hash = "sha256:c87a1bdd9f41fdc408d9cc9367bb53f8d2602829659f2b90be9f9d79d0bfe62c", size = 20430, upload_time = "2025-09-11T10:29:03.605Z" }
wheels = [
    { url = "https://files.pythonhosted.org/packages/08/13/b4ef09837409a777f3c0af2a5b4ba9b7af34872bc43609dda0c209e4060d/opentelemetry_exporter_otlp_proto_common-1.37.0-py3-none-any.whl", hash = "sha256:53038428449c559b0c564b8d718df3314da387109c4d36bd1b94c9a641b0292e", size = 18359, upload_time = "2025-09-11T10:28:44.939Z" },
]

[[package]]
name = "opentelemetry-exporter-otlp-proto-grpc"
version = "1.37.0"
source = { registry = "https://pypi.org/simple" }
dependencies = [
    { name = "googleapis-common-protos" },
    { name = "grpcio" },
    { name = "opentelemetry-api" },
    { name = "opentelemetry-exporter-otlp-proto-common" },
    { name = "opentelemetry-proto" },
    { name = "opentelemetry-sdk" },
    { name = "typing-extensions" },
]
sdist = { url = "https://files.pythonhosted.org/packages/d1/11/4ad0979d0bb13ae5a845214e97c8d42da43980034c30d6f72d8e0ebe580e/opentelemetry_exporter_otlp_proto_grpc-1.37.0.tar.gz", hash = "sha256:f55bcb9fc848ce05ad3dd954058bc7b126624d22c4d9e958da24d8537763bec5", size = 24465, upload_time = "2025-09-11T10:29:04.172Z" }
wheels = [
    { url = "https://files.pythonhosted.org/packages/39/17/46630b74751031a658706bef23ac99cdc2953cd3b2d28ec90590a0766b3e/opentelemetry_exporter_otlp_proto_grpc-1.37.0-py3-none-any.whl", hash = "sha256:aee5104835bf7993b7ddaaf380b6467472abaedb1f1dbfcc54a52a7d781a3890", size = 19305, upload_time = "2025-09-11T10:28:45.776Z" },
]

[[package]]
name = "opentelemetry-proto"
version = "1.37.0"
source = { registry = "https://pypi.org/simple" }
dependencies = [
    { name = "protobuf" },
]
sdist = { url = "https://files.pythonhosted.org/packages/dd/ea/a75f36b463a36f3c5a10c0b5292c58b31dbdde74f6f905d3d0ab2313987b/opentelemetry_proto-1.37.0.tar.gz", hash = "sha256:30f5c494faf66f77faeaefa35ed4443c5edb3b0aa46dad073ed7210e1a789538", size = 46151, upload_time = "2025-09-11T10:29:11.04Z" }
wheels = [
    { url = "https://files.pythonhosted.org/packages/c4/25/f89ea66c59bd7687e218361826c969443c4fa15dfe89733f3bf1e2a9e971/opentelemetry_proto-1.37.0-py3-none-any.whl", hash = "sha256:8ed8c066ae8828bbf0c39229979bdf583a126981142378a9cbe9d6fd5701c6e2", size = 72534, upload_time = "2025-09-11T10:28:56.831Z" },
]

[[package]]
name = "opentelemetry-sdk"
version = "1.37.0"
source = { registry = "https://pypi.org/simple" }
dependencies = [
    { name = "opentelemetry-api" },
    { name = "opentelemetry-semantic-conventions" },
    { name = "typing-extensions" },
]
sdist = { url = "https://files.pythonhosted.org/packages/f4/62/2e0ca80d7fe94f0b193135375da92c640d15fe81f636658d2acf373086bc/opentelemetry_sdk-1.37.0.tar.gz", hash = "sha256:cc8e089c10953ded765b5ab5669b198bbe0af1b3f89f1007d19acd32dc46dda5", size = 170404, upload_time = "2025-09-11T10:29:11.779Z" }
wheels = [
    { url = "https://files.pythonhosted.org/packages/9f/62/9f4ad6a54126fb00f7ed4bb5034964c6e4f00fcd5a905e115bd22707e20d/opentelemetry_sdk-1.37.0-py3-none-any.whl", hash = "sha256:8f3c3c22063e52475c5dbced7209495c2c16723d016d39287dfc215d1771257c", size = 131941, upload_time = "2025-09-11T10:28:57.83Z" },
]

[[package]]
name = "opentelemetry-semantic-conventions"
version = "0.58b0"
source = { registry = "https://pypi.org/simple" }
dependencies = [
    { name = "opentelemetry-api" },
    { name = "typing-extensions" },
]
sdist = { url = "https://files.pythonhosted.org/packages/aa/1b/90701d91e6300d9f2fb352153fb1721ed99ed1f6ea14fa992c756016e63a/opentelemetry_semantic_conventions-0.58b0.tar.gz", hash = "sha256:6bd46f51264279c433755767bb44ad00f1c9e2367e1b42af563372c5a6fa0c25", size = 129867, upload_time = "2025-09-11T10:29:12.597Z" }
wheels = [
    { url = "https://files.pythonhosted.org/packages/07/90/68152b7465f50285d3ce2481b3aec2f82822e3f52e5152eeeaf516bab841/opentelemetry_semantic_conventions-0.58b0-py3-none-any.whl", hash = "sha256:5564905ab1458b96684db1340232729fce3b5375a06e140e8904c78e4f815b28", size = 207954, upload_time = "2025-09-11T10:28:59.218Z" },
]

[[package]]
name = "protobuf"
version = "5.29.5"
source = { registry = "https://pypi.org/simple" }
sdist = { url = "https://files.pythonhosted.org/packages/43/29/d09e70352e4e88c9c7a198d5645d7277811448d76c23b00345670f7c8a38/protobuf-5.29.5.tar.gz", hash = "sha256:bc1463bafd4b0929216c35f437a8e28731a2b7fe3d98bb77a600efced5a15c84", size = 425226, upload_time = "2025-05-28T23:51:59.82Z" }
wheels = [
    { url = "https://files.pythonhosted.org/packages/5f/11/6e40e9fc5bba02988a214c07cf324595789ca7820160bfd1f8be96e48539/protobuf-5.29.5-cp310-abi3-win32.whl", hash = "sha256:3f1c6468a2cfd102ff4703976138844f78ebd1fb45f49011afc5139e9e283079", size = 422963, upload_time = "2025-05-28T23:51:41.204Z" },
    { url = "https://files.pythonhosted.org/packages/81/7f/73cefb093e1a2a7c3ffd839e6f9fcafb7a427d300c7f8aef9c64405d8ac6/protobuf-5.29.5-cp310-abi3-win_amd64.whl", hash = "sha256:3f76e3a3675b4a4d867b52e4a5f5b78a2ef9565549d4037e06cf7b0942b1d3fc", size = 434818, upload_time = "2025-05-28T23:51:44.297Z" },
    { url = "https://files.pythonhosted.org/packages/dd/73/10e1661c21f139f2c6ad9b23040ff36fee624310dc28fba20d33fdae124c/protobuf-5.29.5-cp38-abi3-macosx_10_9_universal2.whl", hash = "sha256:e38c5add5a311f2a6eb0340716ef9b039c1dfa428b28f25a7838ac329204a671", size = 418091, upload_time = "2025-05-28T23:51:45.907Z" },
    { url = "https://files.pythonhosted.org/packages/6c/04/98f6f8cf5b07ab1294c13f34b4e69b3722bb609c5b701d6c169828f9f8aa/protobuf-5.29.5-cp38-abi3-manylinux2014_aarch64.whl", hash = "sha256:fa18533a299d7ab6c55a238bf8629311439995f2e7eca5caaff08663606e9015", size = 319824, upload_time = "2025-05-28T23:51:47.545Z" },
    { url = "https://files.pythonhosted.org/packages/85/e4/07c80521879c2d15f321465ac24c70efe2381378c00bf5e56a0f4fbac8cd/protobuf-5.29.5-cp38-abi3-manylinux2014_x86_64.whl", hash = "sha256:63848923da3325e1bf7e9003d680ce6e14b07e55d0473253a690c3a8b8fd6e61", size = 319942, upload_time = "2025-05-28T23:51:49.11Z" },
    { url = "https://files.pythonhosted.org/packages/7e/cc/7e77861000a0691aeea8f4566e5d3aa716f2b1dece4a24439437e41d3d25/protobuf-5.29.5-py3-none-any.whl", hash = "sha256:6cf42630262c59b2d8de33954443d94b746c952b01434fc58a417fdbd2e84bd5", size = 172823, upload_time = "2025-05-28T23:51:58.157Z" },
]

[[package]]
name = "python-dateutil"
version = "2.9.0.post0"
source = { registry = "https://pypi.org/simple" }
dependencies = [
    { name = "six" },
]
sdist = { url = "https://files.pythonhosted.org/packages/66/c0/0c8b6ad9f17a802ee498c46e004a0eb49bc148f2fd230864601a86dcf6db/python-dateutil-2.9.0.post0.tar.gz", hash = "sha256:37dd54208da7e1cd875388217d5e00ebd4179249f90fb72437e91a35459a0ad3", size = 342432, upload_time = "2024-03-01T18:36:20.211Z" }
wheels = [
    { url = "https://files.pythonhosted.org/packages/ec/57/56b9bcc3c9c6a792fcbaf139543cee77261f3651ca9da0c93f5c1221264b/python_dateutil-2.9.0.post0-py2.py3-none-any.whl", hash = "sha256:a8b2bc7bffae282281c8140a97d3aa9c14da0b136dfe83f850eea9a5f7470427", size = 229892, upload_time = "2024-03-01T18:36:18.57Z" },
]

[[package]]
name = "six"
version = "1.17.0"
source = { registry = "https://pypi.org/simple" }
sdist = { url = "https://files.pythonhosted.org/packages/94/e7/b2c673351809dca68a0e064b6af791aa332cf192da575fd474ed7d6f16a2/six-1.17.0.tar.gz", hash = "sha256:ff70335d468e7eb6ec65b95b99d3a2836546063f63acc5171de367e834932a81", size = 34031, upload_time = "2024-12-04T17:35:28.174Z" }
wheels = [
    { url = "https://files.pythonhosted.org/packages/b7/ce/149a00dd41f10bc29e5921b496af8b574d8413afcd5e30dfa0ed46c2cc5e/six-1.17.0-py2.py3-none-any.whl", hash = "sha256:4721f391ed90541fddacab5acf947aa0d3dc7d27b2e1e8eda2be8970586c3274", size = 11050, upload_time = "2024-12-04T17:35:26.475Z" },
]

[[package]]
name = "temporalio"
version = "1.17.0"
source = { registry = "https://pypi.org/simple" }
dependencies = [
    { name = "nexus-rpc" },
    { name = "protobuf" },
    { name = "python-dateutil", marker = "python_full_version < '3.11'" },
    { name = "types-protobuf" },
    { name = "typing-extensions" },
]
sdist = { url = "https://files.pythonhosted.org/packages/de/a7/622047cb731a104e455687793d724ed143925e9ea14b522ad5ce224e8d7f/temporalio-1.17.0.tar.gz", hash = "sha256:1ac8f1ade36fafe7110b979b6a16d89203e1f4fb9c874f2fe3b5d83c17b13244", size = 1734067, upload_time = "2025-09-03T01:27:05.205Z" }
wheels = [
    { url = "https://files.pythonhosted.org/packages/66/9a/f6fd68e60afc67c402c0676c12baba3aa04d522c74f4123ed31b544d4159/temporalio-1.17.0-cp39-abi3-macosx_10_12_x86_64.whl", hash = "sha256:7a86948c74a872b7f5ecb51c5d7e8013fdda4d6a220fe92185629342e94393e7", size = 12905249, upload_time = "2025-09-03T01:26:51.93Z" },
    { url = "https://files.pythonhosted.org/packages/8c/7e/54cffb6a0ef4853f51bcefe5a74508940bad72a4442e50b3d52379a941c3/temporalio-1.17.0-cp39-abi3-macosx_11_0_arm64.whl", hash = "sha256:00b34a986012a355bdadf0e7eb9e57e176f2e0b1d69ea4be9eb73c21672e7fd0", size = 12539749, upload_time = "2025-09-03T01:26:54.854Z" },
    { url = "https://files.pythonhosted.org/packages/ec/f3/e4c829eb31bdb5eb14411ce7765b4ad8087794231110ff6188497859f0e6/temporalio-1.17.0-cp39-abi3-manylinux_2_17_aarch64.manylinux2014_aarch64.whl", hash = "sha256:36a84e52727e287e13777d86fa0bbda11ba6523f75a616b811cc9d799b37b98c", size = 12969855, upload_time = "2025-09-03T01:26:57.464Z" },
    { url = "https://files.pythonhosted.org/packages/95/26/fef412e10408e35888815ac06c0c777cff1faa76157d861878d23a17edf0/temporalio-1.17.0-cp39-abi3-manylinux_2_17_x86_64.manylinux2014_x86_64.whl", hash = "sha256:617f37edce3db97cc7d2ff81c145a1b92c100f6e0e42207739271d10c2eea38e", size = 13165153, upload_time = "2025-09-03T01:27:00.285Z" },
    { url = "https://files.pythonhosted.org/packages/58/2d/01d164b78ea414f1e2554cd9959ffcf95f0c91a6d595f03128a70e433f57/temporalio-1.17.0-cp39-abi3-win_amd64.whl", hash = "sha256:f2724220fda1fd5948d917350ac25069c62624f46e53d4d6c6171baa75681145", size = 13178439, upload_time = "2025-09-03T01:27:02.855Z" },
]

[package.optional-dependencies]
opentelemetry = [
    { name = "opentelemetry-api" },
    { name = "opentelemetry-sdk" },
]

[[package]]
name = "temporalio-samples"
version = "0.1a1"
source = { editable = "." }
dependencies = [
    { name = "temporalio" },
]

[package.dev-dependencies]
open-telemetry = [
    { name = "opentelemetry-exporter-otlp-proto-grpc" },
    { name = "temporalio", extra = ["opentelemetry"] },
]

[package.metadata]
requires-dist = [{ name = "temporalio", specifier = ">=1.17.0,<1.17.1" }]

[package.metadata.requires-dev]
open-telemetry = [
    { name = "opentelemetry-exporter-otlp-proto-grpc" },
    { name = "temporalio", extras = ["opentelemetry"] },
]

[[package]]
name = "types-protobuf"
version = "6.32.1.20250918"
source = { registry = "https://pypi.org/simple" }
sdist = { url = "https://files.pythonhosted.org/packages/69/5a/bd06c2dbb77ebd4ea764473c9c4c014c7ba94432192cb965a274f8544b9d/types_protobuf-6.32.1.20250918.tar.gz", hash = "sha256:44ce0ae98475909ca72379946ab61a4435eec2a41090821e713c17e8faf5b88f", size = 63780, upload_time = "2025-09-18T02:50:39.391Z" }
wheels = [
    { url = "https://files.pythonhosted.org/packages/37/5a/8d93d4f4af5dc3dd62aa4f020deae746b34b1d94fb5bee1f776c6b7e9d6c/types_protobuf-6.32.1.20250918-py3-none-any.whl", hash = "sha256:22ba6133d142d11cc34d3788ad6dead2732368ebb0406eaa7790ea6ae46c8d0b", size = 77885, upload_time = "2025-09-18T02:50:38.028Z" },
]

[[package]]
name = "typing-extensions"
version = "4.15.0"
source = { registry = "https://pypi.org/simple" }
sdist = { url = "https://files.pythonhosted.org/packages/72/94/1a15dd82efb362ac84269196e94cf00f187f7ed21c242792a923cdb1c61f/typing_extensions-4.15.0.tar.gz", hash = "sha256:0cea48d173cc12fa28ecabc3b837ea3cf6f38c6d1136f85cbaaf598984861466", size = 109391, upload_time = "2025-08-25T13:49:26.313Z" }
wheels = [
    { url = "https://files.pythonhosted.org/packages/18/67/36e9267722cc04a6b9f15c7f3441c2363321a3ea07da7ae0c0707beb2a9c/typing_extensions-4.15.0-py3-none-any.whl", hash = "sha256:f0fa19c6845758ab08074a0cfa8b7aecb71c999ca73d62883bc25cc018c4e548", size = 44614, upload_time = "2025-08-25T13:49:24.86Z" },
]

[[package]]
name = "zipp"
version = "3.23.0"
source = { registry = "https://pypi.org/simple" }
sdist = { url = "https://files.pythonhosted.org/packages/e3/02/0f2892c661036d50ede074e376733dca2ae7c6eb617489437771209d4180/zipp-3.23.0.tar.gz", hash = "sha256:a07157588a12518c9d4034df3fbbee09c814741a33ff63c05fa29d26a2404166", size = 25547, upload_time = "2025-06-08T17:06:39.4Z" }
wheels = [
    { url = "https://files.pythonhosted.org/packages/2e/54/647ade08bf0db230bfea292f893923872fd20be6ac6f53b2b936ba839d75/zipp-3.23.0-py3-none-any.whl", hash = "sha256:071652d6115ed432f5ce1d34c336c0adfd6a884660d1e9712a256d3d3bd4b14e", size = 10276, upload_time = "2025-06-08T17:06:38.034Z" },
]
