# This file is automatically @generated by Poetry 1.8.3 and should not be changed by hand.

[[package]]
name = "protobuf"
version = "5.28.2"
description = ""
optional = false
python-versions = ">=3.8"
files = [
    {file = "protobuf-5.28.2-cp310-abi3-win32.whl", hash = "sha256:eeea10f3dc0ac7e6b4933d32db20662902b4ab81bf28df12218aa389e9c2102d"},
    {file = "protobuf-5.28.2-cp310-abi3-win_amd64.whl", hash = "sha256:2c69461a7fcc8e24be697624c09a839976d82ae75062b11a0972e41fd2cd9132"},
    {file = "protobuf-5.28.2-cp38-abi3-macosx_10_9_universal2.whl", hash = "sha256:a8b9403fc70764b08d2f593ce44f1d2920c5077bf7d311fefec999f8c40f78b7"},
    {file = "protobuf-5.28.2-cp38-abi3-manylinux2014_aarch64.whl", hash = "sha256:35cfcb15f213449af7ff6198d6eb5f739c37d7e4f1c09b5d0641babf2cc0c68f"},
    {file = "protobuf-5.28.2-cp38-abi3-manylinux2014_x86_64.whl", hash = "sha256:5e8a95246d581eef20471b5d5ba010d55f66740942b95ba9b872d918c459452f"},
    {file = "protobuf-5.28.2-cp38-cp38-win32.whl", hash = "sha256:87317e9bcda04a32f2ee82089a204d3a2f0d3c8aeed16568c7daf4756e4f1fe0"},
    {file = "protobuf-5.28.2-cp38-cp38-win_amd64.whl", hash = "sha256:c0ea0123dac3399a2eeb1a1443d82b7afc9ff40241433296769f7da42d142ec3"},
    {file = "protobuf-5.28.2-cp39-cp39-win32.whl", hash = "sha256:ca53faf29896c526863366a52a8f4d88e69cd04ec9571ed6082fa117fac3ab36"},
    {file = "protobuf-5.28.2-cp39-cp39-win_amd64.whl", hash = "sha256:8ddc60bf374785fb7cb12510b267f59067fa10087325b8e1855b898a0d81d276"},
    {file = "protobuf-5.28.2-py3-none-any.whl", hash = "sha256:52235802093bd8a2811abbe8bf0ab9c5f54cca0a751fdd3f6ac2a21438bffece"},
    {file = "protobuf-5.28.2.tar.gz", hash = "sha256:59379674ff119717404f7454647913787034f03fe7049cbef1d74a97bb4593f0"},
]

[[package]]
name = "temporalio"
version = "1.8.0"
description = "Temporal.io Python SDK"
optional = false
python-versions = "<4.0,>=3.8"
files = [
    {file = "temporalio-1.8.0-cp38-abi3-macosx_10_9_x86_64.whl", hash = "sha256:c6acb217d4bd7297389db756dd9da73ef2bae17f6afee1faa8bf77be200e8b93"},
    {file = "temporalio-1.8.0-cp38-abi3-macosx_11_0_arm64.whl", hash = "sha256:6ec61660631b2513ce710b468068135280996af105571126295c9645bf29ee22"},
    {file = "temporalio-1.8.0-cp38-abi3-manylinux2014_aarch64.manylinux_2_17_aarch64.whl", hash = "sha256:4ee13d155dc917e7792b87d1e37b1a0e837c361deb722ccc294edaa5344f2fa2"},
    {file = "temporalio-1.8.0-cp38-abi3-manylinux2014_x86_64.manylinux_2_17_x86_64.whl", hash = "sha256:6b67c115b6eaceddae373dc2c597e5ad5dd567282f4bb0ee63c99124f5f0c12d"},
    {file = "temporalio-1.8.0-cp38-abi3-win_amd64.whl", hash = "sha256:6a45571c09859b6cbf33be26dd5d5fab7e7ee3625750a7b91ebde5770e61015b"},
    {file = "temporalio-1.8.0.tar.gz", hash = "sha256:b9e239b8bfd60126a4b591c6e2e691392b69afc8cac9db452d692654bf85f9cc"},
]

[package.dependencies]
protobuf = ">=3.20"
types-protobuf = ">=3.20"
typing-extensions = ">=4.2.0,<5.0.0"

[package.extras]
grpc = ["grpcio (>=1.59.0,<2.0.0)"]
opentelemetry = ["opentelemetry-api (>=1.11.1,<2.0.0)", "opentelemetry-sdk (>=1.11.1,<2.0.0)"]

[[package]]
name = "types-protobuf"
version = "5.28.0.20240924"
description = "Typing stubs for protobuf"
optional = false
python-versions = ">=3.8"
files = [
    {file = "types-protobuf-5.28.0.20240924.tar.gz", hash = "sha256:d181af8a256e5a91ce8d5adb53496e880efd9144c7d54483e3653332b60296f0"},
    {file = "types_protobuf-5.28.0.20240924-py3-none-any.whl", hash = "sha256:5cecf612ccdefb7dc95f7a51fb502902f20fc2e6681cd500184aaa1b3931d6a7"},
]

[[package]]
name = "typing-extensions"
version = "4.12.2"
description = "Backported and Experimental Type Hints for Python 3.8+"
optional = false
python-versions = ">=3.8"
files = [
    {file = "typing_extensions-4.12.2-py3-none-any.whl", hash = "sha256:04e5ca0351e0f3f85c6853954072df659d0d13fac324d0072316b67d7794700d"},
    {file = "typing_extensions-4.12.2.tar.gz", hash = "sha256:1a7ead55c7e559dd4dee8856e3a88b41225abfe1ce8df57b7c13915fe121ffb8"},
]

[metadata]
lock-version = "2.0"
python-versions = "^3.12"
content-hash = "d456992a366c3f5aa1fc2c2c3bbb5c131859beb25c880b8919269b52ad965c50"
